{
  "object": {
    "pins": [
      {
        "package": "Base64URL",
        "repositoryURL": "https://github.com/shareup/base64url-apple.git",
        "state": {
          "branch": null,
          "revision": "6faa52f5415bb7f8148afcf382971c6b55703bd4",
          "version": "0.1.0"
        }
      },
      {
        "package": "Bytes",
        "repositoryURL": "https://github.com/shareup/bytes-apple.git",
        "state": {
          "branch": null,
          "revision": "8485d7547d8613d2848206d33568e9d77a22cd33",
          "version": "3.0.0"
        }
      }
    ]
  },
  "version": 1
}
