{
  "object": {
    "pins": [
      {
        "package": "Bytes",
        "repositoryURL": "https://github.com/shareup/bytes-apple.git",
        "state": {
          "branch": null,
          "revision": "8485d7547d8613d2848206d33568e9d77a22cd33",
          "version": "3.0.0"
        }
      }
    ]
  },
  "version": 1
}
