{
  "pins" : [
    {
      "identity" : "base64url-apple",
      "kind" : "remoteSourceControl",
      "location" : "https://github.com/shareup/base64url-apple.git",
      "state" : {
        "revision" : "b5e1d0f55b3564a5f9abbe2e6ae60c44b89891bd",
        "version" : "1.0.0"
      }
    }
  ],
  "version" : 2
}
